
Microsoft Visual Studio Solution File, Format Version 12.00
# Visual Studio Version 16
VisualStudioVersion = 16.0.28729.10
MinimumVisualStudioVersion = 10.0.40219.1
Project("{8BC9CEB8-8B4A-11D0-8D11-00A0C91BC942}") = "1 - Hello World", "Hello World\Hello World.vcxproj", "{BCBD5B9B-4FCB-4C9C-A4B4-A05BDD2008CA}"
EndProject
Project("{8BC9CEB8-8B4A-11D0-8D11-00A0C91BC942}") = "2 - Console-Menu", "Console-Menu\Console-Menu.vcxproj", "{98810FD5-7226-4339-82E4-1333432C5AD6}"
EndProject
Project("{8BC9CEB8-8B4A-11D0-8D11-00A0C91BC942}") = "3 - Guess Number", "3 - Guess Number\3 - Guess Number.vcxproj", "{59BF10DA-6EF4-4DC6-83EA-D10A1155D9FE}"
EndProject
Project("{8BC9CEB8-8B4A-11D0-8D11-00A0C91BC942}") = "4 - Console BrickBreaker", "4 - Console BrickBreaker\4 - Console BrickBreaker.vcxproj", "{C1434BA1-FF14-4B63-9907-C87FFAF3445D}"
EndProject
Project("{8BC9CEB8-8B4A-11D0-8D11-00A0C91BC942}") = "5 - Top down shooter", "5 - Top down shooter\5 - Top down shooter.vcxproj", "{AE3774C4-1FC7-486D-B404-029B4CE0D039}"
EndProject
Global
	GlobalSection(SolutionConfigurationPlatforms) = preSolution
		Debug|x64 = Debug|x64
		Debug|x86 = Debug|x86
		Release|x64 = Release|x64
		Release|x86 = Release|x86
	EndGlobalSection
	GlobalSection(ProjectConfigurationPlatforms) = postSolution
		{BCBD5B9B-4FCB-4C9C-A4B4-A05BDD2008CA}.Debug|x64.ActiveCfg = Debug|x64
		{BCBD5B9B-4FCB-4C9C-A4B4-A05BDD2008CA}.Debug|x64.Build.0 = Debug|x64
		{BCBD5B9B-4FCB-4C9C-A4B4-A05BDD2008CA}.Debug|x86.ActiveCfg = Debug|Win32
		{BCBD5B9B-4FCB-4C9C-A4B4-A05BDD2008CA}.Debug|x86.Build.0 = Debug|Win32
		{BCBD5B9B-4FCB-4C9C-A4B4-A05BDD2008CA}.Release|x64.ActiveCfg = Release|x64
		{BCBD5B9B-4FCB-4C9C-A4B4-A05BDD2008CA}.Release|x64.Build.0 = Release|x64
		{BCBD5B9B-4FCB-4C9C-A4B4-A05BDD2008CA}.Release|x86.ActiveCfg = Release|Win32
		{BCBD5B9B-4FCB-4C9C-A4B4-A05BDD2008CA}.Release|x86.Build.0 = Release|Win32
		{98810FD5-7226-4339-82E4-1333432C5AD6}.Debug|x64.ActiveCfg = Debug|x64
		{98810FD5-7226-4339-82E4-1333432C5AD6}.Debug|x64.Build.0 = Debug|x64
		{98810FD5-7226-4339-82E4-1333432C5AD6}.Debug|x86.ActiveCfg = Debug|Win32
		{98810FD5-7226-4339-82E4-1333432C5AD6}.Debug|x86.Build.0 = Debug|Win32
		{98810FD5-7226-4339-82E4-1333432C5AD6}.Release|x64.ActiveCfg = Release|x64
		{98810FD5-7226-4339-82E4-1333432C5AD6}.Release|x64.Build.0 = Release|x64
		{98810FD5-7226-4339-82E4-1333432C5AD6}.Release|x86.ActiveCfg = Release|Win32
		{98810FD5-7226-4339-82E4-1333432C5AD6}.Release|x86.Build.0 = Release|Win32
		{59BF10DA-6EF4-4DC6-83EA-D10A1155D9FE}.Debug|x64.ActiveCfg = Debug|x64
		{59BF10DA-6EF4-4DC6-83EA-D10A1155D9FE}.Debug|x64.Build.0 = Debug|x64
		{59BF10DA-6EF4-4DC6-83EA-D10A1155D9FE}.Debug|x86.ActiveCfg = Debug|Win32
		{59BF10DA-6EF4-4DC6-83EA-D10A1155D9FE}.Debug|x86.Build.0 = Debug|Win32
		{59BF10DA-6EF4-4DC6-83EA-D10A1155D9FE}.Release|x64.ActiveCfg = Release|x64
		{59BF10DA-6EF4-4DC6-83EA-D10A1155D9FE}.Release|x64.Build.0 = Release|x64
		{59BF10DA-6EF4-4DC6-83EA-D10A1155D9FE}.Release|x86.ActiveCfg = Release|Win32
		{59BF10DA-6EF4-4DC6-83EA-D10A1155D9FE}.Release|x86.Build.0 = Release|Win32
		{C1434BA1-FF14-4B63-9907-C87FFAF3445D}.Debug|x64.ActiveCfg = Debug|x64
		{C1434BA1-FF14-4B63-9907-C87FFAF3445D}.Debug|x64.Build.0 = Debug|x64
		{C1434BA1-FF14-4B63-9907-C87FFAF3445D}.Debug|x86.ActiveCfg = Debug|Win32
		{C1434BA1-FF14-4B63-9907-C87FFAF3445D}.Debug|x86.Build.0 = Debug|Win32
		{C1434BA1-FF14-4B63-9907-C87FFAF3445D}.Release|x64.ActiveCfg = Release|x64
		{C1434BA1-FF14-4B63-9907-C87FFAF3445D}.Release|x64.Build.0 = Release|x64
		{C1434BA1-FF14-4B63-9907-C87FFAF3445D}.Release|x86.ActiveCfg = Release|Win32
		{C1434BA1-FF14-4B63-9907-C87FFAF3445D}.Release|x86.Build.0 = Release|Win32
		{AE3774C4-1FC7-486D-B404-029B4CE0D039}.Debug|x64.ActiveCfg = Debug|x64
		{AE3774C4-1FC7-486D-B404-029B4CE0D039}.Debug|x64.Build.0 = Debug|x64
		{AE3774C4-1FC7-486D-B404-029B4CE0D039}.Debug|x86.ActiveCfg = Debug|Win32
		{AE3774C4-1FC7-486D-B404-029B4CE0D039}.Debug|x86.Build.0 = Debug|Win32
		{AE3774C4-1FC7-486D-B404-029B4CE0D039}.Release|x64.ActiveCfg = Release|x64
		{AE3774C4-1FC7-486D-B404-029B4CE0D039}.Release|x64.Build.0 = Release|x64
		{AE3774C4-1FC7-486D-B404-029B4CE0D039}.Release|x86.ActiveCfg = Release|Win32
		{AE3774C4-1FC7-486D-B404-029B4CE0D039}.Release|x86.Build.0 = Release|Win32
	EndGlobalSection
	GlobalSection(SolutionProperties) = preSolution
		HideSolutionNode = FALSE
	EndGlobalSection
	GlobalSection(ExtensibilityGlobals) = postSolution
		SolutionGuid = {2E116ED3-4A1D-4D2A-BBBF-235B08B9FFD8}
	EndGlobalSection
EndGlobal
